
Microsoft Visual Studio Solution File, Format Version 12.00
# Visual Studio 14
VisualStudioVersion = 14.0.24720.0
MinimumVisualStudioVersion = 10.0.40219.1
Project("{2150E333-8FDC-42A3-9474-1A3956D46DE8}") = "ClothSim", "ClothSim", "{C9F4E0CD-7471-42BE-9854-27D227B86E09}"
EndProject
Project("{39E2626F-3545-4960-A6E8-258AD8476CE5}") = "ClothSim.Android.Packaging", "ClothSim\ClothSim.Android.Packaging\ClothSim.Android.Packaging.androidproj", "{BC198871-A97C-4563-89A3-229FD96D8D04}"
EndProject
Project("{2150E333-8FDC-42A3-9474-1A3956D46DE8}") = "Libraries", "Libraries", "{1E25ED83-0CE7-4656-A786-7F1C104658CA}"
EndProject
Project("{8BC9CEB8-8B4A-11D0-8D11-00A0C91BC942}") = "ClothSim.Android.NativeActivity", "ClothSim\ClothSim.Android.NativeActivity\ClothSim.Android.NativeActivity.vcxproj", "{45352494-CA0F-4879-A59E-75E1606FEB13}"
EndProject
Project("{8BC9CEB8-8B4A-11D0-8D11-00A0C91BC942}") = "SOIL2", "SOIL2\SOIL2.vcxproj", "{A06463A0-8302-4C9D-AFB3-2E467A2307BE}"
EndProject
Project("{8BC9CEB8-8B4A-11D0-8D11-00A0C91BC942}") = "ClothSim.PC", "ClothSim.PC\ClothSim.PC.vcxproj", "{04C64FFF-C183-42D5-9273-00330C3D3F91}"
EndProject
Global
	GlobalSection(SharedMSBuildProjectFiles) = preSolution
		ClothSim\ClothSim.Shared\ClothSim.Shared.vcxitems*{45352494-ca0f-4879-a59e-75e1606feb13}*SharedItemsImports = 4
	EndGlobalSection
	GlobalSection(SolutionConfigurationPlatforms) = preSolution
		Debug|ARM = Debug|ARM
		Debug|x64 = Debug|x64
		Debug|x86 = Debug|x86
		PC Debug|ARM = PC Debug|ARM
		PC Debug|x64 = PC Debug|x64
		PC Debug|x86 = PC Debug|x86
		PC Release|ARM = PC Release|ARM
		PC Release|x64 = PC Release|x64
		PC Release|x86 = PC Release|x86
		Release|ARM = Release|ARM
		Release|x64 = Release|x64
		Release|x86 = Release|x86
	EndGlobalSection
	GlobalSection(ProjectConfigurationPlatforms) = postSolution
		{BC198871-A97C-4563-89A3-229FD96D8D04}.Debug|ARM.ActiveCfg = Debug|ARM
		{BC198871-A97C-4563-89A3-229FD96D8D04}.Debug|ARM.Build.0 = Debug|ARM
		{BC198871-A97C-4563-89A3-229FD96D8D04}.Debug|ARM.Deploy.0 = Debug|ARM
		{BC198871-A97C-4563-89A3-229FD96D8D04}.Debug|x64.ActiveCfg = Debug|x86
		{BC198871-A97C-4563-89A3-229FD96D8D04}.Debug|x86.ActiveCfg = Debug|x86
		{BC198871-A97C-4563-89A3-229FD96D8D04}.Debug|x86.Build.0 = Debug|x86
		{BC198871-A97C-4563-89A3-229FD96D8D04}.Debug|x86.Deploy.0 = Debug|x86
		{BC198871-A97C-4563-89A3-229FD96D8D04}.PC Debug|ARM.ActiveCfg = PC Debug|ARM
		{BC198871-A97C-4563-89A3-229FD96D8D04}.PC Debug|ARM.Build.0 = PC Debug|ARM
		{BC198871-A97C-4563-89A3-229FD96D8D04}.PC Debug|ARM.Deploy.0 = PC Debug|ARM
		{BC198871-A97C-4563-89A3-229FD96D8D04}.PC Debug|x64.ActiveCfg = PC Debug|x86
		{BC198871-A97C-4563-89A3-229FD96D8D04}.PC Debug|x86.ActiveCfg = PC Debug|x86
		{BC198871-A97C-4563-89A3-229FD96D8D04}.PC Release|ARM.ActiveCfg = PC Release|ARM
		{BC198871-A97C-4563-89A3-229FD96D8D04}.PC Release|ARM.Build.0 = PC Release|ARM
		{BC198871-A97C-4563-89A3-229FD96D8D04}.PC Release|ARM.Deploy.0 = PC Release|ARM
		{BC198871-A97C-4563-89A3-229FD96D8D04}.PC Release|x64.ActiveCfg = PC Release|x86
		{BC198871-A97C-4563-89A3-229FD96D8D04}.PC Release|x86.ActiveCfg = PC Release|x86
		{BC198871-A97C-4563-89A3-229FD96D8D04}.Release|ARM.ActiveCfg = Release|ARM
		{BC198871-A97C-4563-89A3-229FD96D8D04}.Release|ARM.Build.0 = Release|ARM
		{BC198871-A97C-4563-89A3-229FD96D8D04}.Release|ARM.Deploy.0 = Release|ARM
		{BC198871-A97C-4563-89A3-229FD96D8D04}.Release|x64.ActiveCfg = Release|x86
		{BC198871-A97C-4563-89A3-229FD96D8D04}.Release|x86.ActiveCfg = Release|x86
		{BC198871-A97C-4563-89A3-229FD96D8D04}.Release|x86.Build.0 = Release|x86
		{BC198871-A97C-4563-89A3-229FD96D8D04}.Release|x86.Deploy.0 = Release|x86
		{45352494-CA0F-4879-A59E-75E1606FEB13}.Debug|ARM.ActiveCfg = Debug|ARM
		{45352494-CA0F-4879-A59E-75E1606FEB13}.Debug|ARM.Build.0 = Debug|ARM
		{45352494-CA0F-4879-A59E-75E1606FEB13}.Debug|x64.ActiveCfg = Debug|x86
		{45352494-CA0F-4879-A59E-75E1606FEB13}.Debug|x86.ActiveCfg = Debug|x86
		{45352494-CA0F-4879-A59E-75E1606FEB13}.Debug|x86.Build.0 = Debug|x86
		{45352494-CA0F-4879-A59E-75E1606FEB13}.PC Debug|ARM.ActiveCfg = PC Debug|ARM
		{45352494-CA0F-4879-A59E-75E1606FEB13}.PC Debug|ARM.Build.0 = PC Debug|ARM
		{45352494-CA0F-4879-A59E-75E1606FEB13}.PC Debug|x64.ActiveCfg = PC Debug|x86
		{45352494-CA0F-4879-A59E-75E1606FEB13}.PC Debug|x86.ActiveCfg = PC Debug|x86
		{45352494-CA0F-4879-A59E-75E1606FEB13}.PC Release|ARM.ActiveCfg = PC Release|ARM
		{45352494-CA0F-4879-A59E-75E1606FEB13}.PC Release|ARM.Build.0 = PC Release|ARM
		{45352494-CA0F-4879-A59E-75E1606FEB13}.PC Release|x64.ActiveCfg = PC Release|x86
		{45352494-CA0F-4879-A59E-75E1606FEB13}.PC Release|x86.ActiveCfg = PC Release|x86
		{45352494-CA0F-4879-A59E-75E1606FEB13}.Release|ARM.ActiveCfg = Release|ARM
		{45352494-CA0F-4879-A59E-75E1606FEB13}.Release|ARM.Build.0 = Release|ARM
		{45352494-CA0F-4879-A59E-75E1606FEB13}.Release|x64.ActiveCfg = Release|x86
		{45352494-CA0F-4879-A59E-75E1606FEB13}.Release|x86.ActiveCfg = Release|x86
		{45352494-CA0F-4879-A59E-75E1606FEB13}.Release|x86.Build.0 = Release|x86
		{A06463A0-8302-4C9D-AFB3-2E467A2307BE}.Debug|ARM.ActiveCfg = Debug|ARM
		{A06463A0-8302-4C9D-AFB3-2E467A2307BE}.Debug|ARM.Build.0 = Debug|ARM
		{A06463A0-8302-4C9D-AFB3-2E467A2307BE}.Debug|x64.ActiveCfg = Debug|x86
		{A06463A0-8302-4C9D-AFB3-2E467A2307BE}.Debug|x86.ActiveCfg = Debug|x86
		{A06463A0-8302-4C9D-AFB3-2E467A2307BE}.Debug|x86.Build.0 = Debug|x86
		{A06463A0-8302-4C9D-AFB3-2E467A2307BE}.PC Debug|ARM.ActiveCfg = PC Debug|ARM
		{A06463A0-8302-4C9D-AFB3-2E467A2307BE}.PC Debug|ARM.Build.0 = PC Debug|ARM
		{A06463A0-8302-4C9D-AFB3-2E467A2307BE}.PC Debug|x64.ActiveCfg = PC Debug|x86
		{A06463A0-8302-4C9D-AFB3-2E467A2307BE}.PC Debug|x86.ActiveCfg = PC Debug|x86
		{A06463A0-8302-4C9D-AFB3-2E467A2307BE}.PC Release|ARM.ActiveCfg = PC Release|ARM
		{A06463A0-8302-4C9D-AFB3-2E467A2307BE}.PC Release|ARM.Build.0 = PC Release|ARM
		{A06463A0-8302-4C9D-AFB3-2E467A2307BE}.PC Release|x64.ActiveCfg = PC Release|x86
		{A06463A0-8302-4C9D-AFB3-2E467A2307BE}.PC Release|x86.ActiveCfg = PC Release|x86
		{A06463A0-8302-4C9D-AFB3-2E467A2307BE}.Release|ARM.ActiveCfg = Release|ARM
		{A06463A0-8302-4C9D-AFB3-2E467A2307BE}.Release|ARM.Build.0 = Release|ARM
		{A06463A0-8302-4C9D-AFB3-2E467A2307BE}.Release|x64.ActiveCfg = Release|x86
		{A06463A0-8302-4C9D-AFB3-2E467A2307BE}.Release|x86.ActiveCfg = Release|x86
		{A06463A0-8302-4C9D-AFB3-2E467A2307BE}.Release|x86.Build.0 = Release|x86
		{04C64FFF-C183-42D5-9273-00330C3D3F91}.Debug|ARM.ActiveCfg = Debug|Win32
		{04C64FFF-C183-42D5-9273-00330C3D3F91}.Debug|x64.ActiveCfg = Debug|x64
		{04C64FFF-C183-42D5-9273-00330C3D3F91}.Debug|x64.Build.0 = Debug|x64
		{04C64FFF-C183-42D5-9273-00330C3D3F91}.Debug|x86.ActiveCfg = Debug|Win32
		{04C64FFF-C183-42D5-9273-00330C3D3F91}.Debug|x86.Build.0 = Debug|Win32
		{04C64FFF-C183-42D5-9273-00330C3D3F91}.PC Debug|ARM.ActiveCfg = PC Debug|Win32
		{04C64FFF-C183-42D5-9273-00330C3D3F91}.PC Debug|x64.ActiveCfg = PC Debug|x64
		{04C64FFF-C183-42D5-9273-00330C3D3F91}.PC Debug|x64.Build.0 = PC Debug|x64
		{04C64FFF-C183-42D5-9273-00330C3D3F91}.PC Debug|x86.ActiveCfg = PC Debug|Win32
		{04C64FFF-C183-42D5-9273-00330C3D3F91}.PC Debug|x86.Build.0 = PC Debug|Win32
		{04C64FFF-C183-42D5-9273-00330C3D3F91}.PC Release|ARM.ActiveCfg = PC Release|Win32
		{04C64FFF-C183-42D5-9273-00330C3D3F91}.PC Release|x64.ActiveCfg = PC Release|x64
		{04C64FFF-C183-42D5-9273-00330C3D3F91}.PC Release|x64.Build.0 = PC Release|x64
		{04C64FFF-C183-42D5-9273-00330C3D3F91}.PC Release|x86.ActiveCfg = PC Release|Win32
		{04C64FFF-C183-42D5-9273-00330C3D3F91}.PC Release|x86.Build.0 = PC Release|Win32
		{04C64FFF-C183-42D5-9273-00330C3D3F91}.Release|ARM.ActiveCfg = Release|Win32
		{04C64FFF-C183-42D5-9273-00330C3D3F91}.Release|x64.ActiveCfg = Release|x64
		{04C64FFF-C183-42D5-9273-00330C3D3F91}.Release|x64.Build.0 = Release|x64
		{04C64FFF-C183-42D5-9273-00330C3D3F91}.Release|x86.ActiveCfg = Release|Win32
		{04C64FFF-C183-42D5-9273-00330C3D3F91}.Release|x86.Build.0 = Release|Win32
	EndGlobalSection
	GlobalSection(SolutionProperties) = preSolution
		HideSolutionNode = FALSE
	EndGlobalSection
	GlobalSection(NestedProjects) = preSolution
		{BC198871-A97C-4563-89A3-229FD96D8D04} = {C9F4E0CD-7471-42BE-9854-27D227B86E09}
		{1E25ED83-0CE7-4656-A786-7F1C104658CA} = {C9F4E0CD-7471-42BE-9854-27D227B86E09}
		{45352494-CA0F-4879-A59E-75E1606FEB13} = {1E25ED83-0CE7-4656-A786-7F1C104658CA}
		{A06463A0-8302-4C9D-AFB3-2E467A2307BE} = {1E25ED83-0CE7-4656-A786-7F1C104658CA}
		{04C64FFF-C183-42D5-9273-00330C3D3F91} = {C9F4E0CD-7471-42BE-9854-27D227B86E09}
	EndGlobalSection
EndGlobal
