<?xml version="1.0" encoding="utf-8"?>
<Project ToolsVersion="4.0" xmlns="http://schemas.microsoft.com/developer/msbuild/2003">
  <ItemGroup>
    <CudaCompile Include="main.cu" />
    <CudaCompile Include="clothSpringSimulation.cu">
      <Filter>CUDA</Filter>
    </CudaCompile>
  </ItemGroup>
  <ItemGroup>
    <Filter Include="CUDA">
      <UniqueIdentifier>{9e3e4619-e0f3-49fb-a946-5822f84a0e3f}</UniqueIdentifier>
    </Filter>
    <Filter Include="Graphics">
      <UniqueIdentifier>{c7f0e5e7-151b-4044-9661-a7b82df94c80}</UniqueIdentifier>
    </Filter>
    <Filter Include="Input">
      <UniqueIdentifier>{16b33079-8dd0-41de-b268-8d5ca1eb45c0}</UniqueIdentifier>
    </Filter>
    <Filter Include="Physics">
      <UniqueIdentifier>{0967da1d-6835-47a6-b359-cf0c620d6419}</UniqueIdentifier>
    </Filter>
    <Filter Include="Misc">
      <UniqueIdentifier>{d2035f84-551b-4ffd-8006-ae8fed1dd6b6}</UniqueIdentifier>
    </Filter>
    <Filter Include="Graphics\Shaders">
      <UniqueIdentifier>{5fe3b088-8f57-4199-b8a6-7c70bf8ac228}</UniqueIdentifier>
    </Filter>
    <Filter Include="Core">
      <UniqueIdentifier>{2453e808-8f08-4879-a124-f964a7ee9417}</UniqueIdentifier>
    </Filter>
    <Filter Include="Core\Scenes">
      <UniqueIdentifier>{00263472-e6c8-4abf-b590-be11aba6d01c}</UniqueIdentifier>
    </Filter>
    <Filter Include="Core\Components">
      <UniqueIdentifier>{64780c45-1899-487a-913a-7ffd875a3bc2}</UniqueIdentifier>
    </Filter>
    <Filter Include="Core\GUI">
      <UniqueIdentifier>{0127880f-9643-43af-97d3-732a9e90f9c9}</UniqueIdentifier>
    </Filter>
    <Filter Include="Graphics\Meshes">
      <UniqueIdentifier>{e8c81155-fc5b-45ae-87b2-7f5d99d80955}</UniqueIdentifier>
    </Filter>
  </ItemGroup>
  <ItemGroup>
    <ClInclude Include="Common.h">
      <Filter>Misc</Filter>
    </ClInclude>
    <ClInclude Include="InputManager.h">
      <Filter>Input</Filter>
    </ClInclude>
    <ClInclude Include="InputHandler.h">
      <Filter>Input</Filter>
    </ClInclude>
    <ClInclude Include="Renderer.h">
      <Filter>Graphics</Filter>
    </ClInclude>
    <ClInclude Include="System.h">
      <Filter>Core</Filter>
    </ClInclude>
    <ClInclude Include="Scene.h">
      <Filter>Core</Filter>
    </ClInclude>
    <ClInclude Include="SimObject.h">
      <Filter>Core</Filter>
    </ClInclude>
    <ClInclude Include="Transform.h">
      <Filter>Core</Filter>
    </ClInclude>
    <ClInclude Include="Component.h">
      <Filter>Core</Filter>
    </ClInclude>
    <ClInclude Include="Camera.h">
      <Filter>Graphics</Filter>
    </ClInclude>
    <ClInclude Include="SceneSim.h">
      <Filter>Core\Scenes</Filter>
    </ClInclude>
    <ClInclude Include="SceneTest.h">
      <Filter>Core\Scenes</Filter>
    </ClInclude>
    <ClInclude Include="Light.h">
      <Filter>Graphics</Filter>
    </ClInclude>
    <ClInclude Include="LightAmbient.h">
      <Filter>Graphics</Filter>
    </ClInclude>
    <ClInclude Include="LightDirectional.h">
      <Filter>Graphics</Filter>
    </ClInclude>
    <ClInclude Include="Settings.h">
      <Filter>Core</Filter>
    </ClInclude>
    <ClInclude Include="RotateMe.h">
      <Filter>Core\Components</Filter>
    </ClInclude>
    <ClInclude Include="Timer.h">
      <Filter>Core</Filter>
    </ClInclude>
    <ClInclude Include="Singleton.h">
      <Filter>Core</Filter>
    </ClInclude>
    <ClInclude Include="ResourceManager.h">
      <Filter>Core</Filter>
    </ClInclude>
    <ClInclude Include="GUIController.h">
      <Filter>Core\Components</Filter>
    </ClInclude>
    <ClInclude Include="GUIText.h">
      <Filter>Core\GUI</Filter>
    </ClInclude>
    <ClInclude Include="GUIElement.h">
      <Filter>Core\GUI</Filter>
    </ClInclude>
    <ClInclude Include="GUIButton.h">
      <Filter>Core\GUI</Filter>
    </ClInclude>
    <ClInclude Include="MeshGLText.h">
      <Filter>Graphics\Meshes</Filter>
    </ClInclude>
    <ClInclude Include="MeshGLRect.h">
      <Filter>Graphics\Meshes</Filter>
    </ClInclude>
    <ClInclude Include="MeshGL.h">
      <Filter>Graphics\Meshes</Filter>
    </ClInclude>
    <ClInclude Include="Mesh.h">
      <Filter>Graphics\Meshes</Filter>
    </ClInclude>
    <ClInclude Include="MeshGLBox.h">
      <Filter>Graphics\Meshes</Filter>
    </ClInclude>
    <ClInclude Include="MeshGLPlane.h">
      <Filter>Graphics\Meshes</Filter>
    </ClInclude>
    <ClInclude Include="Collider.h">
      <Filter>Physics</Filter>
    </ClInclude>
    <ClInclude Include="PhysicsManager.h">
      <Filter>Physics</Filter>
    </ClInclude>
    <ClInclude Include="BoxAACollider.h">
      <Filter>Physics</Filter>
    </ClInclude>
    <ClInclude Include="SphereCollider.h">
      <Filter>Physics</Filter>
    </ClInclude>
    <ClInclude Include="ClothSimulator.h">
      <Filter>Core\Components</Filter>
    </ClInclude>
    <ClInclude Include="clothSpringSimulation.h">
      <Filter>CUDA</Filter>
    </ClInclude>
    <ClInclude Include="MeshGLSphere.h">
      <Filter>Graphics\Meshes</Filter>
    </ClInclude>
  </ItemGroup>
  <ItemGroup>
    <ClCompile Include="InputManager.cpp">
      <Filter>Input</Filter>
    </ClCompile>
    <ClCompile Include="InputHandler.cpp">
      <Filter>Input</Filter>
    </ClCompile>
    <ClCompile Include="Renderer.cpp">
      <Filter>Graphics</Filter>
    </ClCompile>
    <ClCompile Include="System.cpp">
      <Filter>Core</Filter>
    </ClCompile>
    <ClCompile Include="Scene.cpp">
      <Filter>Core</Filter>
    </ClCompile>
    <ClCompile Include="SimObject.cpp">
      <Filter>Core</Filter>
    </ClCompile>
    <ClCompile Include="Transform.cpp">
      <Filter>Core</Filter>
    </ClCompile>
    <ClCompile Include="Component.cpp">
      <Filter>Core</Filter>
    </ClCompile>
    <ClCompile Include="Camera.cpp">
      <Filter>Graphics</Filter>
    </ClCompile>
    <ClCompile Include="SceneSim.cpp">
      <Filter>Core\Scenes</Filter>
    </ClCompile>
    <ClCompile Include="SceneTest.cpp">
      <Filter>Core\Scenes</Filter>
    </ClCompile>
    <ClCompile Include="Light.cpp">
      <Filter>Graphics</Filter>
    </ClCompile>
    <ClCompile Include="LightAmbient.cpp">
      <Filter>Graphics</Filter>
    </ClCompile>
    <ClCompile Include="LightDirectional.cpp">
      <Filter>Graphics</Filter>
    </ClCompile>
    <ClCompile Include="RotateMe.cpp">
      <Filter>Core\Components</Filter>
    </ClCompile>
    <ClCompile Include="Timer.cpp">
      <Filter>Core</Filter>
    </ClCompile>
    <ClCompile Include="Singleton.cpp">
      <Filter>Core</Filter>
    </ClCompile>
    <ClCompile Include="ResourceManager.cpp">
      <Filter>Core</Filter>
    </ClCompile>
    <ClCompile Include="GUIController.cpp">
      <Filter>Core\Components</Filter>
    </ClCompile>
    <ClCompile Include="GUIText.cpp">
      <Filter>Core\GUI</Filter>
    </ClCompile>
    <ClCompile Include="GUIElement.cpp">
      <Filter>Core\GUI</Filter>
    </ClCompile>
    <ClCompile Include="GUIButton.cpp">
      <Filter>Core\GUI</Filter>
    </ClCompile>
    <ClCompile Include="MeshGLText.cpp">
      <Filter>Graphics\Meshes</Filter>
    </ClCompile>
    <ClCompile Include="MeshGLRect.cpp">
      <Filter>Graphics\Meshes</Filter>
    </ClCompile>
    <ClCompile Include="MeshGL.cpp">
      <Filter>Graphics\Meshes</Filter>
    </ClCompile>
    <ClCompile Include="Mesh.cpp">
      <Filter>Graphics\Meshes</Filter>
    </ClCompile>
    <ClCompile Include="MeshGLBox.cpp">
      <Filter>Graphics\Meshes</Filter>
    </ClCompile>
    <ClCompile Include="MeshGLPlane.cpp">
      <Filter>Graphics\Meshes</Filter>
    </ClCompile>
    <ClCompile Include="Collider.cpp">
      <Filter>Physics</Filter>
    </ClCompile>
    <ClCompile Include="PhysicsManager.cpp">
      <Filter>Physics</Filter>
    </ClCompile>
    <ClCompile Include="BoxAACollider.cpp">
      <Filter>Physics</Filter>
    </ClCompile>
    <ClCompile Include="SphereCollider.cpp">
      <Filter>Physics</Filter>
    </ClCompile>
    <ClCompile Include="Common.cpp">
      <Filter>Misc</Filter>
    </ClCompile>
    <ClCompile Include="ClothSimulator.cpp">
      <Filter>Core\Components</Filter>
    </ClCompile>
    <ClCompile Include="MeshGLSphere.cpp">
      <Filter>Graphics\Meshes</Filter>
    </ClCompile>
  </ItemGroup>
  <ItemGroup>
    <None Include="BasicFragmentShader.glsl">
      <Filter>Graphics\Shaders</Filter>
    </None>
    <None Include="BasicVertexShader.glsl">
      <Filter>Graphics\Shaders</Filter>
    </None>
    <None Include="WireframeFragmentShader.glsl">
      <Filter>Graphics\Shaders</Filter>
    </None>
    <None Include="FontFragmentShader.glsl">
      <Filter>Graphics\Shaders</Filter>
    </None>
    <None Include="FontVertexShader.glsl">
      <Filter>Graphics\Shaders</Filter>
    </None>
  </ItemGroup>
</Project>