<?xml version="1.0" encoding="utf-8"?>
<Project ToolsVersion="4.0" xmlns="http://schemas.microsoft.com/developer/msbuild/2003">
  <ItemGroup>
    <Filter Include="Source Files">
      <UniqueIdentifier>{4FC737F1-C7A5-4376-A066-2A32D752A2FF}</UniqueIdentifier>
      <Extensions>cpp;c;cc;cxx;def;odl;idl;hpj;bat;asm;asmx</Extensions>
    </Filter>
    <Filter Include="Header Files">
      <UniqueIdentifier>{93995380-89BD-4b04-88EB-625FBE52EBFB}</UniqueIdentifier>
      <Extensions>h;hh;hpp;hxx;hm;inl;inc;xsd</Extensions>
    </Filter>
    <Filter Include="Resource Files">
      <UniqueIdentifier>{67DA6AB6-F800-4c08-8B7A-83BB121AAD01}</UniqueIdentifier>
      <Extensions>rc;ico;cur;bmp;dlg;rc2;rct;bin;rgs;gif;jpg;jpeg;jpe;resx;tiff;tif;png;wav;mfcribbon-ms</Extensions>
    </Filter>
  </ItemGroup>
  <ItemGroup>
    <Text Include="ReadMe.txt" />
  </ItemGroup>
  <ItemGroup>
    <ClInclude Include="..\ClothSim\ClothSim.Android.NativeActivity\android_native_app_glue.h">
      <Filter>Header Files</Filter>
    </ClInclude>
    <ClInclude Include="..\ClothSim\ClothSim.Android.NativeActivity\BoxAACollider.h">
      <Filter>Header Files</Filter>
    </ClInclude>
    <ClInclude Include="..\ClothSim\ClothSim.Android.NativeActivity\Camera.h">
      <Filter>Header Files</Filter>
    </ClInclude>
    <ClInclude Include="..\ClothSim\ClothSim.Android.NativeActivity\ClothSimulator.h">
      <Filter>Header Files</Filter>
    </ClInclude>
    <ClInclude Include="..\ClothSim\ClothSim.Android.NativeActivity\Collider.h">
      <Filter>Header Files</Filter>
    </ClInclude>
    <ClInclude Include="..\ClothSim\ClothSim.Android.NativeActivity\Common.h">
      <Filter>Header Files</Filter>
    </ClInclude>
    <ClInclude Include="..\ClothSim\ClothSim.Android.NativeActivity\Component.h">
      <Filter>Header Files</Filter>
    </ClInclude>
    <ClInclude Include="..\ClothSim\ClothSim.Android.NativeActivity\GUIAction.h">
      <Filter>Header Files</Filter>
    </ClInclude>
    <ClInclude Include="..\ClothSim\ClothSim.Android.NativeActivity\GUIButton.h">
      <Filter>Header Files</Filter>
    </ClInclude>
    <ClInclude Include="..\ClothSim\ClothSim.Android.NativeActivity\GUIController.h">
      <Filter>Header Files</Filter>
    </ClInclude>
    <ClInclude Include="..\ClothSim\ClothSim.Android.NativeActivity\GUIElement.h">
      <Filter>Header Files</Filter>
    </ClInclude>
    <ClInclude Include="..\ClothSim\ClothSim.Android.NativeActivity\GUIPicture.h">
      <Filter>Header Files</Filter>
    </ClInclude>
    <ClInclude Include="..\ClothSim\ClothSim.Android.NativeActivity\GUISettingsScreen.h">
      <Filter>Header Files</Filter>
    </ClInclude>
    <ClInclude Include="..\ClothSim\ClothSim.Android.NativeActivity\GUISlider.h">
      <Filter>Header Files</Filter>
    </ClInclude>
    <ClInclude Include="..\ClothSim\ClothSim.Android.NativeActivity\GUIText.h">
      <Filter>Header Files</Filter>
    </ClInclude>
    <ClInclude Include="..\ClothSim\ClothSim.Android.NativeActivity\GUIValueSetter.h">
      <Filter>Header Files</Filter>
    </ClInclude>
    <ClInclude Include="..\ClothSim\ClothSim.Android.NativeActivity\InputHandler.h">
      <Filter>Header Files</Filter>
    </ClInclude>
    <ClInclude Include="..\ClothSim\ClothSim.Android.NativeActivity\InputManager.h">
      <Filter>Header Files</Filter>
    </ClInclude>
    <ClInclude Include="..\ClothSim\ClothSim.Android.NativeActivity\InputSettings.h">
      <Filter>Header Files</Filter>
    </ClInclude>
    <ClInclude Include="..\ClothSim\ClothSim.Android.NativeActivity\Light.h">
      <Filter>Header Files</Filter>
    </ClInclude>
    <ClInclude Include="..\ClothSim\ClothSim.Android.NativeActivity\LightAmbient.h">
      <Filter>Header Files</Filter>
    </ClInclude>
    <ClInclude Include="..\ClothSim\ClothSim.Android.NativeActivity\LightDirectional.h">
      <Filter>Header Files</Filter>
    </ClInclude>
    <ClInclude Include="..\ClothSim\ClothSim.Android.NativeActivity\Mesh.h">
      <Filter>Header Files</Filter>
    </ClInclude>
    <ClInclude Include="..\ClothSim\ClothSim.Android.NativeActivity\MeshGL.h">
      <Filter>Header Files</Filter>
    </ClInclude>
    <ClInclude Include="..\ClothSim\ClothSim.Android.NativeActivity\MeshGLBox.h">
      <Filter>Header Files</Filter>
    </ClInclude>
    <ClInclude Include="..\ClothSim\ClothSim.Android.NativeActivity\MeshGLPlane.h">
      <Filter>Header Files</Filter>
    </ClInclude>
    <ClInclude Include="..\ClothSim\ClothSim.Android.NativeActivity\MeshGLRect.h">
      <Filter>Header Files</Filter>
    </ClInclude>
    <ClInclude Include="..\ClothSim\ClothSim.Android.NativeActivity\MeshGLRectButton.h">
      <Filter>Header Files</Filter>
    </ClInclude>
    <ClInclude Include="..\ClothSim\ClothSim.Android.NativeActivity\MeshGLSphere.h">
      <Filter>Header Files</Filter>
    </ClInclude>
    <ClInclude Include="..\ClothSim\ClothSim.Android.NativeActivity\MeshGLText.h">
      <Filter>Header Files</Filter>
    </ClInclude>
    <ClInclude Include="..\ClothSim\ClothSim.Android.NativeActivity\PhysicsManager.h">
      <Filter>Header Files</Filter>
    </ClInclude>
    <ClInclude Include="..\ClothSim\ClothSim.Android.NativeActivity\Renderer.h">
      <Filter>Header Files</Filter>
    </ClInclude>
    <ClInclude Include="..\ClothSim\ClothSim.Android.NativeActivity\ResourceManager.h">
      <Filter>Header Files</Filter>
    </ClInclude>
    <ClInclude Include="..\ClothSim\ClothSim.Android.NativeActivity\RotateMe.h">
      <Filter>Header Files</Filter>
    </ClInclude>
    <ClInclude Include="..\ClothSim\ClothSim.Android.NativeActivity\Scene.h">
      <Filter>Header Files</Filter>
    </ClInclude>
    <ClInclude Include="..\ClothSim\ClothSim.Android.NativeActivity\SceneTest.h">
      <Filter>Header Files</Filter>
    </ClInclude>
    <ClInclude Include="..\ClothSim\ClothSim.Android.NativeActivity\Settings.h">
      <Filter>Header Files</Filter>
    </ClInclude>
    <ClInclude Include="..\ClothSim\ClothSim.Android.NativeActivity\SimObject.h">
      <Filter>Header Files</Filter>
    </ClInclude>
    <ClInclude Include="..\ClothSim\ClothSim.Android.NativeActivity\Singleton.h">
      <Filter>Header Files</Filter>
    </ClInclude>
    <ClInclude Include="..\ClothSim\ClothSim.Android.NativeActivity\SphereCollider.h">
      <Filter>Header Files</Filter>
    </ClInclude>
    <ClInclude Include="..\ClothSim\ClothSim.Android.NativeActivity\System.h">
      <Filter>Header Files</Filter>
    </ClInclude>
    <ClInclude Include="..\ClothSim\ClothSim.Android.NativeActivity\Timer.h">
      <Filter>Header Files</Filter>
    </ClInclude>
    <ClInclude Include="..\ClothSim\ClothSim.Android.NativeActivity\Transform.h">
      <Filter>Header Files</Filter>
    </ClInclude>
    <ClInclude Include="resource.h">
      <Filter>Header Files</Filter>
    </ClInclude>
  </ItemGroup>
  <ItemGroup>
    <ClCompile Include="..\ClothSim\ClothSim.Android.NativeActivity\BoxAACollider.cpp">
      <Filter>Source Files</Filter>
    </ClCompile>
    <ClCompile Include="..\ClothSim\ClothSim.Android.NativeActivity\Camera.cpp">
      <Filter>Source Files</Filter>
    </ClCompile>
    <ClCompile Include="..\ClothSim\ClothSim.Android.NativeActivity\ClothSimulator.cpp">
      <Filter>Source Files</Filter>
    </ClCompile>
    <ClCompile Include="..\ClothSim\ClothSim.Android.NativeActivity\Collider.cpp">
      <Filter>Source Files</Filter>
    </ClCompile>
    <ClCompile Include="..\ClothSim\ClothSim.Android.NativeActivity\Common.cpp">
      <Filter>Source Files</Filter>
    </ClCompile>
    <ClCompile Include="..\ClothSim\ClothSim.Android.NativeActivity\Component.cpp">
      <Filter>Source Files</Filter>
    </ClCompile>
    <ClCompile Include="..\ClothSim\ClothSim.Android.NativeActivity\GUIAction.cpp">
      <Filter>Source Files</Filter>
    </ClCompile>
    <ClCompile Include="..\ClothSim\ClothSim.Android.NativeActivity\GUIButton.cpp">
      <Filter>Source Files</Filter>
    </ClCompile>
    <ClCompile Include="..\ClothSim\ClothSim.Android.NativeActivity\GUIController.cpp">
      <Filter>Source Files</Filter>
    </ClCompile>
    <ClCompile Include="..\ClothSim\ClothSim.Android.NativeActivity\GUIElement.cpp">
      <Filter>Source Files</Filter>
    </ClCompile>
    <ClCompile Include="..\ClothSim\ClothSim.Android.NativeActivity\GUIPicture.cpp">
      <Filter>Source Files</Filter>
    </ClCompile>
    <ClCompile Include="..\ClothSim\ClothSim.Android.NativeActivity\GUISettingsScreen.cpp">
      <Filter>Source Files</Filter>
    </ClCompile>
    <ClCompile Include="..\ClothSim\ClothSim.Android.NativeActivity\GUISlider.cpp">
      <Filter>Source Files</Filter>
    </ClCompile>
    <ClCompile Include="..\ClothSim\ClothSim.Android.NativeActivity\GUIText.cpp">
      <Filter>Source Files</Filter>
    </ClCompile>
    <ClCompile Include="..\ClothSim\ClothSim.Android.NativeActivity\GUIValueSetter.cpp">
      <Filter>Source Files</Filter>
    </ClCompile>
    <ClCompile Include="..\ClothSim\ClothSim.Android.NativeActivity\InputHandler.cpp">
      <Filter>Source Files</Filter>
    </ClCompile>
    <ClCompile Include="..\ClothSim\ClothSim.Android.NativeActivity\InputManager.cpp">
      <Filter>Source Files</Filter>
    </ClCompile>
    <ClCompile Include="..\ClothSim\ClothSim.Android.NativeActivity\Light.cpp">
      <Filter>Source Files</Filter>
    </ClCompile>
    <ClCompile Include="..\ClothSim\ClothSim.Android.NativeActivity\LightAmbient.cpp">
      <Filter>Source Files</Filter>
    </ClCompile>
    <ClCompile Include="..\ClothSim\ClothSim.Android.NativeActivity\LightDirectional.cpp">
      <Filter>Source Files</Filter>
    </ClCompile>
    <ClCompile Include="..\ClothSim\ClothSim.Android.NativeActivity\main.cpp">
      <Filter>Source Files</Filter>
    </ClCompile>
    <ClCompile Include="..\ClothSim\ClothSim.Android.NativeActivity\Mesh.cpp">
      <Filter>Source Files</Filter>
    </ClCompile>
    <ClCompile Include="..\ClothSim\ClothSim.Android.NativeActivity\MeshGL.cpp">
      <Filter>Source Files</Filter>
    </ClCompile>
    <ClCompile Include="..\ClothSim\ClothSim.Android.NativeActivity\MeshGLBox.cpp">
      <Filter>Source Files</Filter>
    </ClCompile>
    <ClCompile Include="..\ClothSim\ClothSim.Android.NativeActivity\MeshGLPlane.cpp">
      <Filter>Source Files</Filter>
    </ClCompile>
    <ClCompile Include="..\ClothSim\ClothSim.Android.NativeActivity\MeshGLRect.cpp">
      <Filter>Source Files</Filter>
    </ClCompile>
    <ClCompile Include="..\ClothSim\ClothSim.Android.NativeActivity\MeshGLRectButton.cpp">
      <Filter>Source Files</Filter>
    </ClCompile>
    <ClCompile Include="..\ClothSim\ClothSim.Android.NativeActivity\MeshGLSphere.cpp">
      <Filter>Source Files</Filter>
    </ClCompile>
    <ClCompile Include="..\ClothSim\ClothSim.Android.NativeActivity\MeshGLText.cpp">
      <Filter>Source Files</Filter>
    </ClCompile>
    <ClCompile Include="..\ClothSim\ClothSim.Android.NativeActivity\PhysicsManager.cpp">
      <Filter>Source Files</Filter>
    </ClCompile>
    <ClCompile Include="..\ClothSim\ClothSim.Android.NativeActivity\Renderer.cpp">
      <Filter>Source Files</Filter>
    </ClCompile>
    <ClCompile Include="..\ClothSim\ClothSim.Android.NativeActivity\ResourceManager.cpp">
      <Filter>Source Files</Filter>
    </ClCompile>
    <ClCompile Include="..\ClothSim\ClothSim.Android.NativeActivity\RotateMe.cpp">
      <Filter>Source Files</Filter>
    </ClCompile>
    <ClCompile Include="..\ClothSim\ClothSim.Android.NativeActivity\Scene.cpp">
      <Filter>Source Files</Filter>
    </ClCompile>
    <ClCompile Include="..\ClothSim\ClothSim.Android.NativeActivity\SceneTest.cpp">
      <Filter>Source Files</Filter>
    </ClCompile>
    <ClCompile Include="..\ClothSim\ClothSim.Android.NativeActivity\SimObject.cpp">
      <Filter>Source Files</Filter>
    </ClCompile>
    <ClCompile Include="..\ClothSim\ClothSim.Android.NativeActivity\Singleton.cpp">
      <Filter>Source Files</Filter>
    </ClCompile>
    <ClCompile Include="..\ClothSim\ClothSim.Android.NativeActivity\SphereCollider.cpp">
      <Filter>Source Files</Filter>
    </ClCompile>
    <ClCompile Include="..\ClothSim\ClothSim.Android.NativeActivity\System.cpp">
      <Filter>Source Files</Filter>
    </ClCompile>
    <ClCompile Include="..\ClothSim\ClothSim.Android.NativeActivity\Timer.cpp">
      <Filter>Source Files</Filter>
    </ClCompile>
    <ClCompile Include="..\ClothSim\ClothSim.Android.NativeActivity\Transform.cpp">
      <Filter>Source Files</Filter>
    </ClCompile>
  </ItemGroup>
  <ItemGroup>
    <ResourceCompile Include="ClothSim.PC.rc">
      <Filter>Resource Files</Filter>
    </ResourceCompile>
  </ItemGroup>
  <ItemGroup>
    <Image Include="..\..\..\..\..\_INF\_INZ\gfx\favicon.ico">
      <Filter>Resource Files</Filter>
    </Image>
  </ItemGroup>
</Project>