<!DOCTYPE plist PUBLIC "-//Apple//DTD PLIST 1.0//EN" "http://www.apple.com/DTDs/PropertyList-1.0.dtd">
<plist d1p1:version="" xmlns:d1p1="1.0">
  <dict>
    <key>archiveVersion</key>
    <string>1</string>
    <key>classes</key>
    <dict />
    <key>objectVersion</key>
    <string>46</string>
    <key>objects</key>
    <dict>
      <key>a7c6fa6ddde64bd78a9ff625</key>
      <dict>
        <key>isa</key>
        <string>PBXFileReference</string>
        <key>explicitFileType</key>
        <string>archive.ar</string>
        <key>includeInIndex</key>
        <string>0</string>
        <key>path</key>
        <string>libClothSim.iOS.StaticLibrary.a</string>
        <key>sourceTree</key>
        <string>BUILT_PRODUCTS_DIR</string>
      </dict>
      <key>950deb6f5a444828b88faf6d</key>
      <dict>
        <key>isa</key>
        <string>PBXGroup</string>
        <key>children</key>
        <array>
          <string>fb31f58718604c4fbaa5c786</string>
        </array>
        <key>sourceTree</key>
        <string>&lt;group&gt;</string>
      </dict>
      <key>fb31f58718604c4fbaa5c786</key>
      <dict>
        <key>isa</key>
        <string>PBXGroup</string>
        <key>children</key>
        <array>
          <string>a7c6fa6ddde64bd78a9ff625</string>
        </array>
        <key>name</key>
        <string>Products</string>
        <key>sourceTree</key>
        <string>&lt;group&gt;</string>
      </dict>
      <key>c772540c0ec649b18f322f80</key>
      <dict>
        <key>isa</key>
        <string>PBXSourcesBuildPhase</string>
        <key>buildActionMask</key>
        <string>2147483647</string>
        <key>files</key>
        <array />
        <key>runOnlyForDeploymentPostprocessing</key>
        <string>0</string>
      </dict>
      <key>3ddd2911f58b48d28530b15c</key>
      <dict>
        <key>isa</key>
        <string>XCBuildConfiguration</string>
        <key>buildSettings</key>
        <dict />
        <key>name</key>
        <string>Debug</string>
      </dict>
      <key>6b90681b8f9f41b5a5a7a460</key>
      <dict>
        <key>isa</key>
        <string>XCBuildConfiguration</string>
        <key>buildSettings</key>
        <dict>
          <key>CLANG_CXX_LIBRARY</key>
          <string>libc++</string>
          <key>IPHONEOS_DEPLOYMENT_TARGET</key>
          <string>8.1</string>
          <key>ONLY_ACTIVE_ARCH</key>
          <string>YES</string>
          <key>SDKROOT</key>
          <string>iphoneos</string>
          <key>PRODUCT_NAME</key>
          <string>$(TARGET_NAME)</string>
          <key>SKIP_INSTALL</key>
          <string>YES</string>
        </dict>
        <key>name</key>
        <string>Debug</string>
      </dict>
      <key>167118be5a354475864d36d4</key>
      <dict>
        <key>isa</key>
        <string>XCConfigurationList</string>
        <key>buildConfigurations</key>
        <array>
          <string>3ddd2911f58b48d28530b15c</string>
        </array>
        <key>defaultConfigurationName</key>
        <string>Debug</string>
      </dict>
      <key>502df9ba16de4da8bd7170fd</key>
      <dict>
        <key>isa</key>
        <string>XCConfigurationList</string>
        <key>buildConfigurations</key>
        <array>
          <string>6b90681b8f9f41b5a5a7a460</string>
        </array>
      </dict>
      <key>912ec42954364d1fad4c2b56</key>
      <dict>
        <key>isa</key>
        <string>PBXNativeTarget</string>
        <key>buildConfigurationList</key>
        <string>502df9ba16de4da8bd7170fd</string>
        <key>buildPhases</key>
        <array>
          <string>c772540c0ec649b18f322f80</string>
        </array>
        <key>buildRules</key>
        <array />
        <key>dependencies</key>
        <array />
        <key>name</key>
        <string>ClothSim.iOS.StaticLibrary</string>
        <key>productName</key>
        <string>ClothSim.iOS.StaticLibrary</string>
        <key>productReference</key>
        <string>a7c6fa6ddde64bd78a9ff625</string>
        <key>productType</key>
        <string>com.apple.product-type.library.static</string>
      </dict>
      <key>a412ddedfe2d482ba0224688</key>
      <dict>
        <key>isa</key>
        <string>PBXProject</string>
        <key>attributes</key>
        <dict>
          <key>LastUpgradeCheck</key>
          <string>0610</string>
          <key>ORGANIZATIONNAME</key>
          <string>MyOrganizationName</string>
          <key>TargetAttributes</key>
          <dict>
            <key>912ec42954364d1fad4c2b56</key>
            <dict>
              <key>CreatedOnToolsVersion</key>
              <string>6.1</string>
            </dict>
          </dict>
        </dict>
        <key>buildConfigurationList</key>
        <string>167118be5a354475864d36d4</string>
        <key>compatibilityVersion</key>
        <string>Xcode 3.2</string>
        <key>developmentRegion</key>
        <string>English</string>
        <key>hasScannedForEncodings</key>
        <string>0</string>
        <key>knownRegions</key>
        <array>
          <string>en</string>
        </array>
        <key>mainGroup</key>
        <string>950deb6f5a444828b88faf6d</string>
        <key>productRefGroup</key>
        <string>fb31f58718604c4fbaa5c786</string>
        <key>projectDirPath</key>
        <string />
        <key>projectRoot</key>
        <string />
        <key>targets</key>
        <array>
          <string>912ec42954364d1fad4c2b56</string>
        </array>
      </dict>
    </dict>
    <key>rootObject</key>
    <string>a412ddedfe2d482ba0224688</string>
  </dict>
</plist>