<?xml version="1.0" encoding="utf-8"?>
<Project ToolsVersion="4.0" xmlns="http://schemas.microsoft.com/developer/msbuild/2003">
  <ItemGroup>
    <ClInclude Include="android_native_app_glue.h">
      <Filter>Main</Filter>
    </ClInclude>
    <ClInclude Include="pch.h">
      <Filter>Main</Filter>
    </ClInclude>
    <ClInclude Include="BoxAACollider.h">
      <Filter>Physics</Filter>
    </ClInclude>
    <ClInclude Include="Camera.h">
      <Filter>Graphics</Filter>
    </ClInclude>
    <ClInclude Include="ClothSimulator.h">
      <Filter>Core\Components</Filter>
    </ClInclude>
    <ClInclude Include="Collider.h">
      <Filter>Physics</Filter>
    </ClInclude>
    <ClInclude Include="Common.h">
      <Filter>Misc</Filter>
    </ClInclude>
    <ClInclude Include="Component.h">
      <Filter>Core</Filter>
    </ClInclude>
    <ClInclude Include="GUIButton.h">
      <Filter>Core\GUI</Filter>
    </ClInclude>
    <ClInclude Include="GUIController.h">
      <Filter>Core\Components</Filter>
    </ClInclude>
    <ClInclude Include="GUIElement.h">
      <Filter>Core\GUI</Filter>
    </ClInclude>
    <ClInclude Include="GUIText.h">
      <Filter>Core\GUI</Filter>
    </ClInclude>
    <ClInclude Include="InputHandler.h">
      <Filter>Input</Filter>
    </ClInclude>
    <ClInclude Include="InputManager.h">
      <Filter>Input</Filter>
    </ClInclude>
    <ClInclude Include="InputSettings.h">
      <Filter>Input</Filter>
    </ClInclude>
    <ClInclude Include="Light.h">
      <Filter>Graphics</Filter>
    </ClInclude>
    <ClInclude Include="LightAmbient.h">
      <Filter>Graphics</Filter>
    </ClInclude>
    <ClInclude Include="LightDirectional.h">
      <Filter>Graphics</Filter>
    </ClInclude>
    <ClInclude Include="Mesh.h">
      <Filter>Graphics</Filter>
    </ClInclude>
    <ClInclude Include="MeshGL.h">
      <Filter>Graphics\Meshes</Filter>
    </ClInclude>
    <ClInclude Include="MeshGLBox.h">
      <Filter>Graphics\Meshes</Filter>
    </ClInclude>
    <ClInclude Include="MeshGLPlane.h">
      <Filter>Graphics\Meshes</Filter>
    </ClInclude>
    <ClInclude Include="MeshGLRect.h">
      <Filter>Graphics\Meshes</Filter>
    </ClInclude>
    <ClInclude Include="MeshGLSphere.h">
      <Filter>Graphics\Meshes</Filter>
    </ClInclude>
    <ClInclude Include="MeshGLText.h">
      <Filter>Graphics\Meshes</Filter>
    </ClInclude>
    <ClInclude Include="PhysicsManager.h">
      <Filter>Physics</Filter>
    </ClInclude>
    <ClInclude Include="Renderer.h">
      <Filter>Graphics</Filter>
    </ClInclude>
    <ClInclude Include="ResourceManager.h">
      <Filter>Core</Filter>
    </ClInclude>
    <ClInclude Include="RotateMe.h">
      <Filter>Core\Components</Filter>
    </ClInclude>
    <ClInclude Include="Scene.h">
      <Filter>Core</Filter>
    </ClInclude>
    <ClInclude Include="SceneSim.h">
      <Filter>Core\Scenes</Filter>
    </ClInclude>
    <ClInclude Include="SceneTest.h">
      <Filter>Core\Scenes</Filter>
    </ClInclude>
    <ClInclude Include="Settings.h">
      <Filter>Misc</Filter>
    </ClInclude>
    <ClInclude Include="SimObject.h">
      <Filter>Core</Filter>
    </ClInclude>
    <ClInclude Include="Singleton.h">
      <Filter>Core</Filter>
    </ClInclude>
    <ClInclude Include="SphereCollider.h">
      <Filter>Physics</Filter>
    </ClInclude>
    <ClInclude Include="System.h">
      <Filter>Core</Filter>
    </ClInclude>
    <ClInclude Include="Timer.h">
      <Filter>Core</Filter>
    </ClInclude>
    <ClInclude Include="Transform.h">
      <Filter>Graphics</Filter>
    </ClInclude>
    <ClInclude Include="GUIActionShowPreferences.h">
      <Filter>Core\GUI\Actions</Filter>
    </ClInclude>
    <ClInclude Include="GUIActionExitProgram.h">
      <Filter>Core\GUI\Actions</Filter>
    </ClInclude>
    <ClInclude Include="GUIActionSetDisplayMode.h">
      <Filter>Core\GUI\Actions</Filter>
    </ClInclude>
    <ClInclude Include="GUIAction.h">
      <Filter>Core\GUI</Filter>
    </ClInclude>
    <ClInclude Include="MeshGLRectButton.h">
      <Filter>Graphics\Meshes</Filter>
    </ClInclude>
    <ClInclude Include="GUIActionMoveActiveObject.h">
      <Filter>Core\GUI\Actions</Filter>
    </ClInclude>
    <ClInclude Include="ClothSimulatorMSGPU.h">
      <Filter>Core\Components\ClothSimulators</Filter>
    </ClInclude>
  </ItemGroup>
  <ItemGroup>
    <ClCompile Include="android_native_app_glue.c">
      <Filter>Main</Filter>
    </ClCompile>
    <ClCompile Include="main.cpp">
      <Filter>Main</Filter>
    </ClCompile>
    <ClCompile Include="BoxAACollider.cpp">
      <Filter>Physics</Filter>
    </ClCompile>
    <ClCompile Include="Camera.cpp">
      <Filter>Graphics</Filter>
    </ClCompile>
    <ClCompile Include="ClothSimulator.cpp">
      <Filter>Core\Components</Filter>
    </ClCompile>
    <ClCompile Include="Collider.cpp">
      <Filter>Physics</Filter>
    </ClCompile>
    <ClCompile Include="Common.cpp">
      <Filter>Misc</Filter>
    </ClCompile>
    <ClCompile Include="Component.cpp">
      <Filter>Core</Filter>
    </ClCompile>
    <ClCompile Include="GUIButton.cpp">
      <Filter>Core\GUI</Filter>
    </ClCompile>
    <ClCompile Include="GUIController.cpp">
      <Filter>Core\Components</Filter>
    </ClCompile>
    <ClCompile Include="GUIElement.cpp">
      <Filter>Core\GUI</Filter>
    </ClCompile>
    <ClCompile Include="GUIText.cpp">
      <Filter>Core\GUI</Filter>
    </ClCompile>
    <ClCompile Include="InputHandler.cpp">
      <Filter>Input</Filter>
    </ClCompile>
    <ClCompile Include="InputManager.cpp">
      <Filter>Input</Filter>
    </ClCompile>
    <ClCompile Include="Light.cpp">
      <Filter>Graphics</Filter>
    </ClCompile>
    <ClCompile Include="LightAmbient.cpp">
      <Filter>Graphics</Filter>
    </ClCompile>
    <ClCompile Include="LightDirectional.cpp">
      <Filter>Graphics</Filter>
    </ClCompile>
    <ClCompile Include="Mesh.cpp">
      <Filter>Graphics</Filter>
    </ClCompile>
    <ClCompile Include="MeshGL.cpp">
      <Filter>Graphics\Meshes</Filter>
    </ClCompile>
    <ClCompile Include="MeshGLBox.cpp">
      <Filter>Graphics\Meshes</Filter>
    </ClCompile>
    <ClCompile Include="MeshGLPlane.cpp">
      <Filter>Graphics\Meshes</Filter>
    </ClCompile>
    <ClCompile Include="MeshGLRect.cpp">
      <Filter>Graphics\Meshes</Filter>
    </ClCompile>
    <ClCompile Include="MeshGLSphere.cpp">
      <Filter>Graphics\Meshes</Filter>
    </ClCompile>
    <ClCompile Include="MeshGLText.cpp">
      <Filter>Graphics\Meshes</Filter>
    </ClCompile>
    <ClCompile Include="PhysicsManager.cpp">
      <Filter>Physics</Filter>
    </ClCompile>
    <ClCompile Include="Renderer.cpp">
      <Filter>Graphics</Filter>
    </ClCompile>
    <ClCompile Include="ResourceManager.cpp">
      <Filter>Core</Filter>
    </ClCompile>
    <ClCompile Include="RotateMe.cpp">
      <Filter>Core\Components</Filter>
    </ClCompile>
    <ClCompile Include="Scene.cpp">
      <Filter>Core</Filter>
    </ClCompile>
    <ClCompile Include="SceneSim.cpp">
      <Filter>Core\Scenes</Filter>
    </ClCompile>
    <ClCompile Include="SceneTest.cpp">
      <Filter>Core\Scenes</Filter>
    </ClCompile>
    <ClCompile Include="SimObject.cpp">
      <Filter>Core</Filter>
    </ClCompile>
    <ClCompile Include="Singleton.cpp">
      <Filter>Core</Filter>
    </ClCompile>
    <ClCompile Include="SphereCollider.cpp">
      <Filter>Physics</Filter>
    </ClCompile>
    <ClCompile Include="System.cpp">
      <Filter>Core</Filter>
    </ClCompile>
    <ClCompile Include="Timer.cpp">
      <Filter>Core</Filter>
    </ClCompile>
    <ClCompile Include="Transform.cpp">
      <Filter>Graphics</Filter>
    </ClCompile>
    <ClCompile Include="GUIActionExitProgram.cpp">
      <Filter>Core\GUI\Actions</Filter>
    </ClCompile>
    <ClCompile Include="GUIActionSetDisplayMode.cpp">
      <Filter>Core\GUI\Actions</Filter>
    </ClCompile>
    <ClCompile Include="GUIActionShowPreferences.cpp">
      <Filter>Core\GUI\Actions</Filter>
    </ClCompile>
    <ClCompile Include="GUIAction.cpp">
      <Filter>Core\GUI</Filter>
    </ClCompile>
    <ClCompile Include="MeshGLRectButton.cpp">
      <Filter>Graphics\Meshes</Filter>
    </ClCompile>
    <ClCompile Include="GUIActionMoveActiveObject.cpp">
      <Filter>Core\GUI\Actions</Filter>
    </ClCompile>
    <ClCompile Include="ClothSimulatorMSGPU.cpp">
      <Filter>Core\Components\ClothSimulators</Filter>
    </ClCompile>
  </ItemGroup>
  <ItemGroup>
    <Filter Include="Main">
      <UniqueIdentifier>{f9526e10-047d-47bb-8117-47485442d15d}</UniqueIdentifier>
    </Filter>
    <Filter Include="Core">
      <UniqueIdentifier>{ab7c2242-1029-4133-bea0-95004c987280}</UniqueIdentifier>
    </Filter>
    <Filter Include="ClothSimulation">
      <UniqueIdentifier>{6aae46e9-1b0d-49c3-bf30-3c205ddc657f}</UniqueIdentifier>
    </Filter>
    <Filter Include="Graphics">
      <UniqueIdentifier>{ec4d35ca-fe91-44d0-bf3e-61c753b53df9}</UniqueIdentifier>
    </Filter>
    <Filter Include="Input">
      <UniqueIdentifier>{9dfb8229-ccd6-41a6-988a-57a0f70da2d3}</UniqueIdentifier>
    </Filter>
    <Filter Include="Misc">
      <UniqueIdentifier>{fcde8046-2b38-4806-8281-b9b6ea845994}</UniqueIdentifier>
    </Filter>
    <Filter Include="Physics">
      <UniqueIdentifier>{ef3fb4a8-3f56-423e-bf69-248a8a0e0df4}</UniqueIdentifier>
    </Filter>
    <Filter Include="Core\Components">
      <UniqueIdentifier>{149dcfac-a85e-406c-b9e5-d1e2db600f3f}</UniqueIdentifier>
    </Filter>
    <Filter Include="Core\GUI">
      <UniqueIdentifier>{d4296265-0c8f-4ef1-9761-cdfccb5aa5d3}</UniqueIdentifier>
    </Filter>
    <Filter Include="Core\Scenes">
      <UniqueIdentifier>{08ff2c13-4da9-4a5c-821b-b21a422a2e74}</UniqueIdentifier>
    </Filter>
    <Filter Include="Graphics\Meshes">
      <UniqueIdentifier>{79e867df-48b4-40d3-a65e-b211bc9a9646}</UniqueIdentifier>
    </Filter>
    <Filter Include="Graphics\Shaders">
      <UniqueIdentifier>{ec2f45da-2e77-4d3e-9f4c-6241205ef0a1}</UniqueIdentifier>
    </Filter>
    <Filter Include="Core\GUI\Actions">
      <UniqueIdentifier>{7c3b1fb7-5e57-475e-87b0-56a139758804}</UniqueIdentifier>
    </Filter>
    <Filter Include="Core\Components\ClothSimulators">
      <UniqueIdentifier>{e12bc412-a1c7-4d43-a4e4-75635ad425e5}</UniqueIdentifier>
    </Filter>
  </ItemGroup>
  <ItemGroup>
    <None Include="BasicFragmentShader.glsl">
      <Filter>Graphics\Shaders</Filter>
    </None>
    <None Include="BasicVertexShader.glsl">
      <Filter>Graphics\Shaders</Filter>
    </None>
    <None Include="FontFragmentShader.glsl">
      <Filter>Graphics\Shaders</Filter>
    </None>
    <None Include="FontVertexShader.glsl">
      <Filter>Graphics\Shaders</Filter>
    </None>
    <None Include="WireframeFragmentShader.glsl">
      <Filter>Graphics\Shaders</Filter>
    </None>
  </ItemGroup>
</Project>